// !$*UTF8*$!
{
	archiveVersion = 1;
	classes = {
	};
	objectVersion = 50;
	objects = {

/* Begin PBXBuildFile section */
		EC270B4B20F5F00900AAF959 /* AppDelegate.m in Sources */ = {isa = PBXBuildFile; fileRef = EC270B4A20F5F00900AAF959 /* AppDelegate.m */; };
		EC270B4E20F5F00900AAF959 /* ViewController.m in Sources */ = {isa = PBXBuildFile; fileRef = EC270B4D20F5F00900AAF959 /* ViewController.m */; };
		EC270B5120F5F00900AAF959 /* Main.storyboard in Resources */ = {isa = PBXBuildFile; fileRef = EC270B4F20F5F00900AAF959 /* Main.storyboard */; };
		EC270B5320F5F00B00AAF959 /* Assets.xcassets in Resources */ = {isa = PBXBuildFile; fileRef = EC270B5220F5F00B00AAF959 /* Assets.xcassets */; };
		EC270B5620F5F00B00AAF959 /* LaunchScreen.storyboard in Resources */ = {isa = PBXBuildFile; fileRef = EC270B5420F5F00B00AAF959 /* LaunchScreen.storyboard */; };
		EC270B5920F5F00B00AAF959 /* main.m in Sources */ = {isa = PBXBuildFile; fileRef = EC270B5820F5F00B00AAF959 /* main.m */; };
/* End PBXBuildFile section */

/* Begin PBXFileReference section */
		EC270B4620F5F00900AAF959 /* ProductDetailProject.app */ = {isa = PBXFileReference; explicitFileType = wrapper.application; includeInIndex = 0; path = ProductDetailProject.app; sourceTree = BUILT_PRODUCTS_DIR; };
		EC270B4920F5F00900AAF959 /* AppDelegate.h */ = {isa = PBXFileReference; lastKnownFileType = sourcecode.c.h; path = AppDelegate.h; sourceTree = "<group>"; };
		EC270B4A20F5F00900AAF959 /* AppDelegate.m */ = {isa = PBXFileReference; lastKnownFileType = sourcecode.c.objc; path = AppDelegate.m; sourceTree = "<group>"; };
		EC270B4C20F5F00900AAF959 /* ViewController.h */ = {isa = PBXFileReference; lastKnownFileType = sourcecode.c.h; path = ViewController.h; sourceTree = "<group>"; };
		EC270B4D20F5F00900AAF959 /* ViewController.m */ = {isa = PBXFileReference; lastKnownFileType = sourcecode.c.objc; path = ViewController.m; sourceTree = "<group>"; };
		EC270B5020F5F00900AAF959 /* Base */ = {isa = PBXFileReference; lastKnownFileType = file.storyboard; name = Base; path = Base.lproj/Main.storyboard; sourceTree = "<group>"; };
		EC270B5220F5F00B00AAF959 /* Assets.xcassets */ = {isa = PBXFileReference; lastKnownFileType = folder.assetcatalog; path = Assets.xcassets; sourceTree = "<group>"; };
		EC270B5520F5F00B00AAF959 /* Base */ = {isa = PBXFileReference; lastKnownFileType = file.storyboard; name = Base; path = Base.lproj/LaunchScreen.storyboard; sourceTree = "<group>"; };
		EC270B5720F5F00B00AAF959 /* Info.plist */ = {isa = PBXFileReference; lastKnownFileType = text.plist.xml; path = Info.plist; sourceTree = "<group>"; };
		EC270B5820F5F00B00AAF959 /* main.m */ = {isa = PBXFileReference; lastKnownFileType = sourcecode.c.objc; path = main.m; sourceTree = "<group>"; };
/* End PBXFileReference section */

/* Begin PBXFrameworksBuildPhase section */
		EC270B4320F5F00900AAF959 /* Frameworks */ = {
			isa = PBXFrameworksBuildPhase;
			buildActionMask = 2147483647;
			files = (
			);
			runOnlyForDeploymentPostprocessing = 0;
		};
/* End PBXFrameworksBuildPhase section */

/* Begin PBXGroup section */
		EC270B3D20F5F00900AAF959 = {
			isa = PBXGroup;
			children = (
				EC270B4820F5F00900AAF959 /* ProductDetailProject */,
				EC270B4720F5F00900AAF959 /* Products */,
			);
			sourceTree = "<group>";
		};
		EC270B4720F5F00900AAF959 /* Products */ = {
			isa = PBXGroup;
			children = (
				EC270B4620F5F00900AAF959 /* ProductDetailProject.app */,
			);
			name = Products;
			sourceTree = "<group>";
		};
		EC270B4820F5F00900AAF959 /* ProductDetailProject */ = {
			isa = PBXGroup;
			children = (
				EC270B4920F5F00900AAF959 /* AppDelegate.h */,
				EC270B4A20F5F00900AAF959 /* AppDelegate.m */,
				EC270B4C20F5F00900AAF959 /* ViewController.h */,
				EC270B4D20F5F00900AAF959 /* ViewController.m */,
				EC270B4F20F5F00900AAF959 /* Main.storyboard */,
				EC270B5220F5F00B00AAF959 /* Assets.xcassets */,
				EC270B5420F5F00B00AAF959 /* LaunchScreen.storyboard */,
				EC270B5720F5F00B00AAF959 /* Info.plist */,
				EC270B5820F5F00B00AAF959 /* main.m */,
			);
			path = ProductDetailProject;
			sourceTree = "<group>";
		};
/* End PBXGroup section */

/* Begin PBXNativeTarget section */
		EC270B4520F5F00900AAF959 /* ProductDetailProject */ = {
			isa = PBXNativeTarget;
			buildConfigurationList = EC270B5C20F5F00B00AAF959 /* Build configuration list for PBXNativeTarget "ProductDetailProject" */;
			buildPhases = (
				EC270B4220F5F00900AAF959 /* Sources */,
				EC270B4320F5F00900AAF959 /* Frameworks */,
				EC270B4420F5F00900AAF959 /* Resources */,
			);
			buildRules = (
			);
			dependencies = (
			);
			name = ProductDetailProject;
			productName = ProductDetailProject;
			productReference = EC270B4620F5F00900AAF959 /* ProductDetailProject.app */;
			productType = "com.apple.product-type.application";
		};
/* End PBXNativeTarget section */

/* Begin PBXProject section */
		EC270B3E20F5F00900AAF959 /* Project object */ = {
			isa = PBXProject;
			attributes = {
				LastUpgradeCheck = 0930;
				ORGANIZATIONNAME = HuaxiGroup;
				TargetAttributes = {
					EC270B4520F5F00900AAF959 = {
						CreatedOnToolsVersion = 9.3;
					};
				};
			};
			buildConfigurationList = EC270B4120F5F00900AAF959 /* Build configuration list for PBXProject "ProductDetailProject" */;
			compatibilityVersion = "Xcode 9.3";
			developmentRegion = en;
			hasScannedForEncodings = 0;
			knownRegions = (
				en,
				Base,
			);
			mainGroup = EC270B3D20F5F00900AAF959;
			productRefGroup = EC270B4720F5F00900AAF959 /* Products */;
			projectDirPath = "";
			projectRoot = "";
			targets = (
				EC270B4520F5F00900AAF959 /* ProductDetailProject */,
			);
		};
/* End PBXProject section */

/* Begin PBXResourcesBuildPhase section */
		EC270B4420F5F00900AAF959 /* Resources */ = {
			isa = PBXResourcesBuildPhase;
			buildActionMask = 2147483647;
			files = (
				EC270B5620F5F00B00AAF959 /* LaunchScreen.storyboard in Resources */,
				EC270B5320F5F00B00AAF959 /* Assets.xcassets in Resources */,
				EC270B5120F5F00900AAF959 /* Main.storyboard in Resources */,
			);
			runOnlyForDeploymentPostprocessing = 0;
		};
/* End PBXResourcesBuildPhase section */

/* Begin PBXSourcesBuildPhase section */
		EC270B4220F5F00900AAF959 /* Sources */ = {
			isa = PBXSourcesBuildPhase;
			buildActionMask = 2147483647;
			files = (
				EC270B4E20F5F00900AAF959 /* ViewController.m in Sources */,
				EC270B5920F5F00B00AAF959 /* main.m in Sources */,
				EC270B4B20F5F00900AAF959 /* AppDelegate.m in Sources */,
			);
			runOnlyForDeploymentPostprocessing = 0;
		};
/* End PBXSourcesBuildPhase section */

/* Begin PBXVariantGroup section */
		EC270B4F20F5F00900AAF959 /* Main.storyboard */ = {
			isa = PBXVariantGroup;
			children = (
				EC270B5020F5F00900AAF959 /* Base */,
			);
			name = Main.storyboard;
			sourceTree = "<group>";
		};
		EC270B5420F5F00B00AAF959 /* LaunchScreen.storyboard */ = {
			isa = PBXVariantGroup;
			children = (
				EC270B5520F5F00B00AAF959 /* Base */,
			);
			name = LaunchScreen.storyboard;
			sourceTree = "<group>";
		};
/* End PBXVariantGroup section */

/* Begin XCBuildConfiguration section */
		EC270B5A20F5F00B00AAF959 /* Debug */ = {
			isa = XCBuildConfiguration;
			buildSettings = {
				ALWAYS_SEARCH_USER_PATHS = NO;
				CLANG_ANALYZER_NONNULL = YES;
				CLANG_ANALYZER_NUMBER_OBJECT_CONVERSION = YES_AGGRESSIVE;
				CLANG_CXX_LANGUAGE_STANDARD = "gnu++14";
				CLANG_CXX_LIBRARY = "libc++";
				CLANG_ENABLE_MODULES = YES;
				CLANG_ENABLE_OBJC_ARC = YES;
				CLANG_ENABLE_OBJC_WEAK = YES;
				CLANG_WARN_BLOCK_CAPTURE_AUTORELEASING = YES;
				CLANG_WARN_BOOL_CONVERSION = YES;
				CLANG_WARN_COMMA = YES;
				CLANG_WARN_CONSTANT_CONVERSION = YES;
				CLANG_WARN_DEPRECATED_OBJC_IMPLEMENTATIONS = YES;
				CLANG_WARN_DIRECT_OBJC_ISA_USAGE = YES_ERROR;
				CLANG_WARN_DOCUMENTATION_COMMENTS = YES;
				CLANG_WARN_EMPTY_BODY = YES;
				CLANG_WARN_ENUM_CONVERSION = YES;
				CLANG_WARN_INFINITE_RECURSION = YES;
				CLANG_WARN_INT_CONVERSION = YES;
				CLANG_WARN_NON_LITERAL_NULL_CONVERSION = YES;
				CLANG_WARN_OBJC_IMPLICIT_RETAIN_SELF = YES;
				CLANG_WARN_OBJC_LITERAL_CONVERSION = YES;
				CLANG_WARN_OBJC_ROOT_CLASS = YES_ERROR;
				CLANG_WARN_RANGE_LOOP_ANALYSIS = YES;
				CLANG_WARN_STRICT_PROTOTYPES = YES;
				CLANG_WARN_SUSPICIOUS_MOVE = YES;
				CLANG_WARN_UNGUARDED_AVAILABILITY = YES_AGGRESSIVE;
				CLANG_WARN_UNREACHABLE_CODE = YES;
				CLANG_WARN__DUPLICATE_METHOD_MATCH = YES;
				CODE_SIGN_IDENTITY = "iPhone Developer";
				COPY_PHASE_STRIP = NO;
				DEBUG_INFORMATION_FORMAT = dwarf;
				ENABLE_STRICT_OBJC_MSGSEND = YES;
				ENABLE_TESTABILITY = YES;
				GCC_C_LANGUAGE_STANDARD = gnu11;
				GCC_DYNAMIC_NO_PIC = NO;
				GCC_NO_COMMON_BLOCKS = YES;
				GCC_OPTIMIZATION_LEVEL = 0;
				GCC_PREPROCESSOR_DEFINITIONS = (
					"DEBUG=1",
					"$(inherited)",
				);
				GCC_WARN_64_TO_32_BIT_CONVERSION = YES;
				GCC_WARN_ABOUT_RETURN_TYPE = YES_ERROR;
				GCC_WARN_UNDECLARED_SELECTOR = YES;
				GCC_WARN_UNINITIALIZED_AUTOS = YES_AGGRESSIVE;
				GCC_WARN_UNUSED_FUNCTION = YES;
				GCC_WARN_UNUSED_VARIABLE = YES;
				IPHONEOS_DEPLOYMENT_TARGET = 11.3;
				MTL_ENABLE_DEBUG_INFO = YES;
				ONLY_ACTIVE_ARCH = YES;
				SDKROOT = iphoneos;
			};
			name = Debug;
		};
		EC270B5B20F5F00B00AAF959 /* Release */ = {
			isa = XCBuildConfiguration;
			buildSettings = {
				ALWAYS_SEARCH_USER_PATHS = NO;
				CLANG_ANALYZER_NONNULL = YES;
				CLANG_ANALYZER_NUMBER_OBJECT_CONVERSION = YES_AGGRESSIVE;
				CLANG_CXX_LANGUAGE_STANDARD = "gnu++14";
				CLANG_CXX_LIBRARY = "libc++";
				CLANG_ENABLE_MODULES = YES;
				CLANG_ENABLE_OBJC_ARC = YES;
				CLANG_ENABLE_OBJC_WEAK = YES;
				CLANG_WARN_BLOCK_CAPTURE_AUTORELEASING = YES;
				CLANG_WARN_BOOL_CONVERSION = YES;
				CLANG_WARN_COMMA = YES;
				CLANG_WARN_CONSTANT_CONVERSION = YES;
				CLANG_WARN_DEPRECATED_OBJC_IMPLEMENTATIONS = YES;
				CLANG_WARN_DIRECT_OBJC_ISA_USAGE = YES_ERROR;
				CLANG_WARN_DOCUMENTATION_COMMENTS = YES;
				CLANG_WARN_EMPTY_BODY = YES;
				CLANG_WARN_ENUM_CONVERSION = YES;
				CLANG_WARN_INFINITE_RECURSION = YES;
				CLANG_WARN_INT_CONVERSION = YES;
				CLANG_WARN_NON_LITERAL_NULL_CONVERSION = YES;
				CLANG_WARN_OBJC_IMPLICIT_RETAIN_SELF = YES;
				CLANG_WARN_OBJC_LITERAL_CONVERSION = YES;
				CLANG_WARN_OBJC_ROOT_CLASS = YES_ERROR;
				CLANG_WARN_RANGE_LOOP_ANALYSIS = YES;
				CLANG_WARN_STRICT_PROTOTYPES = YES;
				CLANG_WARN_SUSPICIOUS_MOVE = YES;
				CLANG_WARN_UNGUARDED_AVAILABILITY = YES_AGGRESSIVE;
				CLANG_WARN_UNREACHABLE_CODE = YES;
				CLANG_WARN__DUPLICATE_METHOD_MATCH = YES;
				CODE_SIGN_IDENTITY = "iPhone Developer";
				COPY_PHASE_STRIP = NO;
				DEBUG_INFORMATION_FORMAT = "dwarf-with-dsym";
				ENABLE_NS_ASSERTIONS = NO;
				ENABLE_STRICT_OBJC_MSGSEND = YES;
				GCC_C_LANGUAGE_STANDARD = gnu11;
				GCC_NO_COMMON_BLOCKS = YES;
				GCC_WARN_64_TO_32_BIT_CONVERSION = YES;
				GCC_WARN_ABOUT_RETURN_TYPE = YES_ERROR;
				GCC_WARN_UNDECLARED_SELECTOR = YES;
				GCC_WARN_UNINITIALIZED_AUTOS = YES_AGGRESSIVE;
				GCC_WARN_UNUSED_FUNCTION = YES;
				GCC_WARN_UNUSED_VARIABLE = YES;
				IPHONEOS_DEPLOYMENT_TARGET = 11.3;
				MTL_ENABLE_DEBUG_INFO = NO;
				SDKROOT = iphoneos;
				VALIDATE_PRODUCT = YES;
			};
			name = Release;
		};
		EC270B5D20F5F00B00AAF959 /* Debug */ = {
			isa = XCBuildConfiguration;
			buildSettings = {
				ASSETCATALOG_COMPILER_APPICON_NAME = AppIcon;
				CODE_SIGN_STYLE = Automatic;
				DEVELOPMENT_TEAM = DA9N343VU2;
				INFOPLIST_FILE = ProductDetailProject/Info.plist;
				LD_RUNPATH_SEARCH_PATHS = (
					"$(inherited)",
					"@executable_path/Frameworks",
				);
				PRODUCT_BUNDLE_IDENTIFIER = com.huazhixi.ProductDetailProject;
				PRODUCT_NAME = "$(TARGET_NAME)";
				TARGETED_DEVICE_FAMILY = "1,2";
			};
			name = Debug;
		};
		EC270B5E20F5F00B00AAF959 /* Release */ = {
			isa = XCBuildConfiguration;
			buildSettings = {
				ASSETCATALOG_COMPILER_APPICON_NAME = AppIcon;
				CODE_SIGN_STYLE = Automatic;
				DEVELOPMENT_TEAM = DA9N343VU2;
				INFOPLIST_FILE = ProductDetailProject/Info.plist;
				LD_RUNPATH_SEARCH_PATHS = (
					"$(inherited)",
					"@executable_path/Frameworks",
				);
				PRODUCT_BUNDLE_IDENTIFIER = com.huazhixi.ProductDetailProject;
				PRODUCT_NAME = "$(TARGET_NAME)";
				TARGETED_DEVICE_FAMILY = "1,2";
			};
			name = Release;
		};
/* End XCBuildConfiguration section */

/* Begin XCConfigurationList section */
		EC270B4120F5F00900AAF959 /* Build configuration list for PBXProject "ProductDetailProject" */ = {
			isa = XCConfigurationList;
			buildConfigurations = (
				EC270B5A20F5F00B00AAF959 /* Debug */,
				EC270B5B20F5F00B00AAF959 /* Release */,
			);
			defaultConfigurationIsVisible = 0;
			defaultConfigurationName = Release;
		};
		EC270B5C20F5F00B00AAF959 /* Build configuration list for PBXNativeTarget "ProductDetailProject" */ = {
			isa = XCConfigurationList;
			buildConfigurations = (
				EC270B5D20F5F00B00AAF959 /* Debug */,
				EC270B5E20F5F00B00AAF959 /* Release */,
			);
			defaultConfigurationIsVisible = 0;
			defaultConfigurationName = Release;
		};
/* End XCConfigurationList section */
	};
	rootObject = EC270B3E20F5F00900AAF959 /* Project object */;
}
